
Microsoft Visual Studio Solution File, Format Version 12.00
# Visual Studio 15
Project("{FAE04EC0-301F-11D3-BF4B-00C04F79EFBC}") = "Assembly-CSharp", "Assembly-CSharp.csproj", "{4F92F3A6-0185-2A6B-EBA0-CE2D3DD4B34B}"
EndProject
Project("{FAE04EC0-301F-11D3-BF4B-00C04F79EFBC}") = "Assembly-CSharp-firstpass", "Assembly-CSharp-firstpass.csproj", "{2C0793AA-9C8D-0757-4EEF-66C3DDBDFCDF}"
EndProject
Project("{FAE04EC0-301F-11D3-BF4B-00C04F79EFBC}") = "Assembly-CSharp-Editor", "Assembly-CSharp-Editor.csproj", "{D6CE0A5F-00D1-C83E-9F23-46F5DEAA9E7F}"
EndProject
Project("{FAE04EC0-301F-11D3-BF4B-00C04F79EFBC}") = "Assembly-CSharp-Editor-firstpass", "Assembly-CSharp-Editor-firstpass.csproj", "{176CF743-00FC-E1B3-444C-5CADD7F50EF2}"
EndProject
Global
	GlobalSection(SolutionConfigurationPlatforms) = preSolution
		Debug|Any CPU = Debug|Any CPU
		Release|Any CPU = Release|Any CPU
	EndGlobalSection
	GlobalSection(ProjectConfigurationPlatforms) = postSolution
		{4F92F3A6-0185-2A6B-EBA0-CE2D3DD4B34B}.Debug|Any CPU.ActiveCfg = Debug|Any CPU
		{4F92F3A6-0185-2A6B-EBA0-CE2D3DD4B34B}.Debug|Any CPU.Build.0 = Debug|Any CPU
		{4F92F3A6-0185-2A6B-EBA0-CE2D3DD4B34B}.Release|Any CPU.ActiveCfg = Release|Any CPU
		{4F92F3A6-0185-2A6B-EBA0-CE2D3DD4B34B}.Release|Any CPU.Build.0 = Release|Any CPU
		{2C0793AA-9C8D-0757-4EEF-66C3DDBDFCDF}.Debug|Any CPU.ActiveCfg = Debug|Any CPU
		{2C0793AA-9C8D-0757-4EEF-66C3DDBDFCDF}.Debug|Any CPU.Build.0 = Debug|Any CPU
		{2C0793AA-9C8D-0757-4EEF-66C3DDBDFCDF}.Release|Any CPU.ActiveCfg = Release|Any CPU
		{2C0793AA-9C8D-0757-4EEF-66C3DDBDFCDF}.Release|Any CPU.Build.0 = Release|Any CPU
		{D6CE0A5F-00D1-C83E-9F23-46F5DEAA9E7F}.Debug|Any CPU.ActiveCfg = Debug|Any CPU
		{D6CE0A5F-00D1-C83E-9F23-46F5DEAA9E7F}.Debug|Any CPU.Build.0 = Debug|Any CPU
		{D6CE0A5F-00D1-C83E-9F23-46F5DEAA9E7F}.Release|Any CPU.ActiveCfg = Release|Any CPU
		{D6CE0A5F-00D1-C83E-9F23-46F5DEAA9E7F}.Release|Any CPU.Build.0 = Release|Any CPU
		{176CF743-00FC-E1B3-444C-5CADD7F50EF2}.Debug|Any CPU.ActiveCfg = Debug|Any CPU
		{176CF743-00FC-E1B3-444C-5CADD7F50EF2}.Debug|Any CPU.Build.0 = Debug|Any CPU
		{176CF743-00FC-E1B3-444C-5CADD7F50EF2}.Release|Any CPU.ActiveCfg = Release|Any CPU
		{176CF743-00FC-E1B3-444C-5CADD7F50EF2}.Release|Any CPU.Build.0 = Release|Any CPU
	EndGlobalSection
	GlobalSection(SolutionProperties) = preSolution
		HideSolutionNode = FALSE
	EndGlobalSection
EndGlobal
